
Microsoft Visual Studio Solution File, Format Version 12.00
# Visual Studio 15
VisualStudioVersion = 15.0.28010.2050
MinimumVisualStudioVersion = 10.0.40219.1
Project("{FAE04EC0-301F-11D3-BF4B-00C04F79EFBC}") = "VKTree", "VKTree\VKTree.csproj", "{F7B4D801-B27E-441E-8093-4BDB933DB18C}"
EndProject
Project("{FAE04EC0-301F-11D3-BF4B-00C04F79EFBC}") = "GraphTest", "GraphTest\GraphTest.csproj", "{D13E0804-0FAB-4011-8328-AD9949AF52AB}"
EndProject
Project("{FAE04EC0-301F-11D3-BF4B-00C04F79EFBC}") = "UserEquality", "UserEquality\UserEquality.csproj", "{0372C4B1-354A-45CD-9552-F1F6A50AA965}"
EndProject
Global
	GlobalSection(SolutionConfigurationPlatforms) = preSolution
		Debug|Any CPU = Debug|Any CPU
		Release|Any CPU = Release|Any CPU
	EndGlobalSection
	GlobalSection(ProjectConfigurationPlatforms) = postSolution
		{F7B4D801-B27E-441E-8093-4BDB933DB18C}.Debug|Any CPU.ActiveCfg = Debug|Any CPU
		{F7B4D801-B27E-441E-8093-4BDB933DB18C}.Debug|Any CPU.Build.0 = Debug|Any CPU
		{F7B4D801-B27E-441E-8093-4BDB933DB18C}.Release|Any CPU.ActiveCfg = Release|Any CPU
		{F7B4D801-B27E-441E-8093-4BDB933DB18C}.Release|Any CPU.Build.0 = Release|Any CPU
		{D13E0804-0FAB-4011-8328-AD9949AF52AB}.Debug|Any CPU.ActiveCfg = Debug|Any CPU
		{D13E0804-0FAB-4011-8328-AD9949AF52AB}.Debug|Any CPU.Build.0 = Debug|Any CPU
		{D13E0804-0FAB-4011-8328-AD9949AF52AB}.Release|Any CPU.ActiveCfg = Release|Any CPU
		{D13E0804-0FAB-4011-8328-AD9949AF52AB}.Release|Any CPU.Build.0 = Release|Any CPU
		{0372C4B1-354A-45CD-9552-F1F6A50AA965}.Debug|Any CPU.ActiveCfg = Debug|Any CPU
		{0372C4B1-354A-45CD-9552-F1F6A50AA965}.Debug|Any CPU.Build.0 = Debug|Any CPU
		{0372C4B1-354A-45CD-9552-F1F6A50AA965}.Release|Any CPU.ActiveCfg = Release|Any CPU
		{0372C4B1-354A-45CD-9552-F1F6A50AA965}.Release|Any CPU.Build.0 = Release|Any CPU
	EndGlobalSection
	GlobalSection(SolutionProperties) = preSolution
		HideSolutionNode = FALSE
	EndGlobalSection
	GlobalSection(ExtensibilityGlobals) = postSolution
		SolutionGuid = {8AEACAC2-BD3D-4A63-B066-3C77A1452592}
	EndGlobalSection
EndGlobal
